{
  "nodes": {
    "flake-utils": {
      "inputs": {
        "systems": "systems"
      },
      "locked": {
        "lastModified": 1731533236,
        "narHash": "sha256-l0KFg5HjrsfsO/JpG+r7fRrqm12kzFHyUHqHCVpMMbI=",
        "owner": "numtide",
        "repo": "flake-utils",
        "rev": "11707dc2f618dd54ca8739b309ec4fc024de578b",
        "type": "github"
      },
      "original": {
        "owner": "numtide",
        "repo": "flake-utils",
        "type": "github"
      }
    },
    "fortio": {
      "flake": false,
      "locked": {
        "lastModified": 1788260530,
        "narHash": "sha256-8TZuefnvEJhKAGQOtky/ywqVsIZ3iBk9jE/GO+MStrQ=",
        "owner": "lazy-fortran",
        "repo": "fortio",
        "rev": "6841431f0623083d6ae1ae392abfe8ea3f33fd8a",
        "type": "github"
      },
      "original": {
        "owner": "lazy-fortran",
        "repo": "fortio",
        "rev": "6841431f0623083d6ae1ae392abfe8ea3f33fd8a",
        "type": "github"
      }
    },
    "fortnum": {
      "flake": false,
      "locked": {
        "lastModified": 1790210416,
        "narHash": "sha256-lRHNJYU2YmscinwuqQLXf/pLJTMqOu5MXRJxv4Y+AOY=",
        "owner": "lazy-fortran",
        "repo": "fortnum",
        "rev": "1a52e13c5e28b09d083947a6ec7e8a1dcf9d502e",
        "type": "github"
      },
      "original": {
        "owner": "lazy-fortran",
        "repo": "fortnum",
        "rev": "1a52e13c5e28b09d083947a6ec7e8a1dcf9d502e",
        "type": "github"
      }
    },
    "nixpkgs": {
      "locked": {
        "lastModified": 1774709303,
        "narHash": "sha256-D3Q07BbIA2KnTcSXIqqu9P586uWxN74zNoCH3h2ESHg=",
        "owner": "NixOS",
        "repo": "nixpkgs",
        "rev": "8110df5ad7abf5d4c0f6fb0f8f978390e77f9685",
        "type": "github"
      },
      "original": {
        "owner": "NixOS",
        "ref": "nixos-unstable",
        "repo": "nixpkgs",
        "type": "github"
      }
    },
    "root": {
      "inputs": {
        "flake-utils": "flake-utils",
        "fortio": "fortio",
        "fortnum": "fortnum",
        "nixpkgs": "nixpkgs"
      }
    },
    "systems": {
      "locked": {
        "lastModified": 1681028828,
        "narHash": "sha256-Vy1rq5AaRuLzOxct8nz4T6wlgyUR7zLU309k9mBC768=",
        "owner": "nix-systems",
        "repo": "default",
        "rev": "da67096a3b9bf56a91d16901293e51ba5b49a27e",
        "type": "github"
      },
      "original": {
        "owner": "nix-systems",
        "repo": "default",
        "type": "github"
      }
    }
  },
  "root": "root",
  "version": 7
}
