{
  "nodes": {
    "flake-utils": {
      "inputs": {
        "systems": "systems"
      },
      "locked": {
        "lastModified": 1731533236,
        "narHash": "sha256-l0KFg5HjrsfsO/JpG+r7fRrqm12kzFHyUHqHCVpMMbI=",
        "owner": "numtide",
        "repo": "flake-utils",
        "rev": "11707dc2f618dd54ca8739b309ec4fc024de578b",
        "type": "github"
      },
      "original": {
        "owner": "numtide",
        "repo": "flake-utils",
        "type": "github"
      }
    },
    "fortio": {
      "flake": false,
      "locked": {
        "lastModified": 1785449238,
        "narHash": "sha256-rQb2ZhszXbXWglTDlzd3YzHHS93YpETq/cX/snssk7g=",
        "owner": "lazy-fortran",
        "repo": "fortio",
        "rev": "b6a0c57e7a7577612637ed1619c3bc50d26c2556",
        "type": "github"
      },
      "original": {
        "owner": "lazy-fortran",
        "repo": "fortio",
        "rev": "b6a0c57e7a7577612637ed1619c3bc50d26c2556",
        "type": "github"
      }
    },
    "fortnum": {
      "flake": false,
      "locked": {
        "lastModified": 1782936489,
        "narHash": "sha256-/1M9f4SHe7/Wa1IuLcbWcyy/7kI7Uew57i7R63M4uw4=",
        "owner": "lazy-fortran",
        "repo": "fortnum",
        "rev": "62a559c0b8e1b28bd63550164a09ed9644e659b1",
        "type": "github"
      },
      "original": {
        "owner": "lazy-fortran",
        "repo": "fortnum",
        "rev": "62a559c0b8e1b28bd63550164a09ed9644e659b1",
        "type": "github"
      }
    },
    "nixpkgs": {
      "locked": {
        "lastModified": 1774709303,
        "narHash": "sha256-D3Q07BbIA2KnTcSXIqqu9P586uWxN74zNoCH3h2ESHg=",
        "owner": "NixOS",
        "repo": "nixpkgs",
        "rev": "8110df5ad7abf5d4c0f6fb0f8f978390e77f9685",
        "type": "github"
      },
      "original": {
        "owner": "NixOS",
        "ref": "nixos-unstable",
        "repo": "nixpkgs",
        "type": "github"
      }
    },
    "root": {
      "inputs": {
        "flake-utils": "flake-utils",
        "fortio": "fortio",
        "fortnum": "fortnum",
        "nixpkgs": "nixpkgs"
      }
    },
    "systems": {
      "locked": {
        "lastModified": 1681028828,
        "narHash": "sha256-Vy1rq5AaRuLzOxct8nz4T6wlgyUR7zLU309k9mBC768=",
        "owner": "nix-systems",
        "repo": "default",
        "rev": "da67096a3b9bf56a91d16901293e51ba5b49a27e",
        "type": "github"
      },
      "original": {
        "owner": "nix-systems",
        "repo": "default",
        "type": "github"
      }
    }
  },
  "root": "root",
  "version": 7
}
